
Microsoft Visual Studio Solution File, Format Version 12.00
# Visual Studio Version 17
VisualStudioVersion = 17.11.35327.3
MinimumVisualStudioVersion = 10.0.40219.1
Project("{FAE04EC0-301F-11D3-BF4B-00C04F79EFBC}") = "DSCC_13540_MVC", "DSCC_13540_MVC\DSCC_13540_MVC.csproj", "{F34D34A2-6954-41AF-AE39-7D0B661BACCD}"
EndProject
Global
	GlobalSection(SolutionConfigurationPlatforms) = preSolution
		Debug|Any CPU = Debug|Any CPU
		Release|Any CPU = Release|Any CPU
	EndGlobalSection
	GlobalSection(ProjectConfigurationPlatforms) = postSolution
		{F34D34A2-6954-41AF-AE39-7D0B661BACCD}.Debug|Any CPU.ActiveCfg = Debug|Any CPU
		{F34D34A2-6954-41AF-AE39-7D0B661BACCD}.Debug|Any CPU.Build.0 = Debug|Any CPU
		{F34D34A2-6954-41AF-AE39-7D0B661BACCD}.Release|Any CPU.ActiveCfg = Release|Any CPU
		{F34D34A2-6954-41AF-AE39-7D0B661BACCD}.Release|Any CPU.Build.0 = Release|Any CPU
	EndGlobalSection
	GlobalSection(SolutionProperties) = preSolution
		HideSolutionNode = FALSE
	EndGlobalSection
	GlobalSection(ExtensibilityGlobals) = postSolution
		SolutionGuid = {4BEB69F9-BF99-4079-8659-380A9472718B}
	EndGlobalSection
EndGlobal
